{
  "name": "tailcall",
  "version": "1.0.0",
  "lockfileVersion": 3,
  "requires": true,
  "packages": {
    "": {
      "name": "tailcall",
      "version": "1.0.0",
      "dependencies": {
        "@tailcallhq/tailcall": "^0.15.0"
      }
    },
    "node_modules/@tailcallhq/core-darwin-arm64": {
      "version": "0.15.1",
      "resolved": "https://registry.npmjs.org/@tailcallhq/core-darwin-arm64/-/core-darwin-arm64-0.15.1.tgz",
      "integrity": "sha512-QZJ07hf7DlqaPgwL7jYg2dPh52VupFTbEx/Td3S6DlNHdGN4DsxR2KSCduUwgCCITFQA007NQbuv0rT3b0qUDQ==",
      "cpu": [
        "arm64"
      ],
      "optional": true,
      "os": [
        "darwin"
      ],
      "bin": {
        "tc": "bin/tc"
      }
    },
    "node_modules/@tailcallhq/core-darwin-x64": {
      "version": "0.15.1",
      "resolved": "https://registry.npmjs.org/@tailcallhq/core-darwin-x64/-/core-darwin-x64-0.15.1.tgz",
      "integrity": "sha512-6fvdSM5IURcXnDdXvxrtLD70J8erP0ggRsrS2NcqVrNB8yp29g1DQIbvh+5hAnu1bu/C6m3AbsglfLEUO6/NPQ==",
      "cpu": [
        "x64"
      ],
      "optional": true,
      "os": [
        "darwin"
      ],
      "bin": {
        "tc": "bin/tc"
      }
    },
    "node_modules/@tailcallhq/core-linux-arm64-gnu": {
      "version": "0.15.1",
      "resolved": "https://registry.npmjs.org/@tailcallhq/core-linux-arm64-gnu/-/core-linux-arm64-gnu-0.15.1.tgz",
      "integrity": "sha512-3obcszQG9L6yxnTOwqooLOrm+LxhZ7qFN1AodBduX/t+rCdvjalOtH2258HlOFNj5Lgveq8e2o6vLTzTHtrKJA==",
      "cpu": [
        "arm64"
      ],
      "optional": true,
      "os": [
        "linux"
      ],
      "bin": {
        "tc": "bin/tc"
      }
    },
    "node_modules/@tailcallhq/core-linux-arm64-musl": {
      "version": "0.15.1",
      "resolved": "https://registry.npmjs.org/@tailcallhq/core-linux-arm64-musl/-/core-linux-arm64-musl-0.15.1.tgz",
      "integrity": "sha512-bCYu7jRrF5OX7nxhjPfknZH4IdteoyZR22BdeI3pfULRsgHkcuK89jT8fu9b8GCMnCtX3N5g3HA/7imWc6mJrg==",
      "cpu": [
        "arm64"
      ],
      "optional": true,
      "os": [
        "linux"
      ],
      "bin": {
        "tc": "bin/tc"
      }
    },
    "node_modules/@tailcallhq/core-linux-ia32-gnu": {
      "version": "0.15.1",
      "resolved": "https://registry.npmjs.org/@tailcallhq/core-linux-ia32-gnu/-/core-linux-ia32-gnu-0.15.1.tgz",
      "integrity": "sha512-aDaxrngFyRCXKsGUwakowbSApCAf2fV5WFe5ePzzbwO4I3jkv0UISfIqVrQTG+WlgBfnGmiGXAg1T7fF0UgrqA==",
      "cpu": [
        "ia32"
      ],
      "optional": true,
      "os": [
        "linux"
      ],
      "bin": {
        "tc": "bin/tc"
      }
    },
    "node_modules/@tailcallhq/core-linux-x64-gnu": {
      "version": "0.15.1",
      "resolved": "https://registry.npmjs.org/@tailcallhq/core-linux-x64-gnu/-/core-linux-x64-gnu-0.15.1.tgz",
      "integrity": "sha512-cEY44089jqhchqMBPY/Iw0BbWgRGCIwsRxm0rquLGLrqGJc40m8zzb3kArzZ3HyvONZoqIJZ1ERqGCppdymzDw==",
      "cpu": [
        "x64"
      ],
      "optional": true,
      "os": [
        "linux"
      ],
      "bin": {
        "tc": "bin/tc"
      }
    },
    "node_modules/@tailcallhq/core-linux-x64-musl": {
      "version": "0.15.1",
      "resolved": "https://registry.npmjs.org/@tailcallhq/core-linux-x64-musl/-/core-linux-x64-musl-0.15.1.tgz",
      "integrity": "sha512-Pv/F7+73QT6ooAHDD9TM6RLKuCPCeqDU/6hhF0DKspPIyveHf0mRUFoVKeno3T6F2xOo6Mr7WAiYMqeVJ4Qpvw==",
      "cpu": [
        "x64"
      ],
      "optional": true,
      "os": [
        "linux"
      ],
      "bin": {
        "tc": "bin/tc"
      }
    },
    "node_modules/@tailcallhq/core-win32-arm64-msvc": {
      "version": "0.15.1",
      "resolved": "https://registry.npmjs.org/@tailcallhq/core-win32-arm64-msvc/-/core-win32-arm64-msvc-0.15.1.tgz",
      "integrity": "sha512-D6lifQmMASYRAiQ6SRX8T0PmAEawtmysvphqRQUgS/CCc1fB0KxkF8kSkCE8TwpIakvfSGq9AbO2RHr1M5YsjQ==",
      "cpu": [
        "arm64"
      ],
      "optional": true,
      "os": [
        "win32"
      ],
      "bin": {
        "tc.exe": "bin/tc.exe"
      }
    },
    "node_modules/@tailcallhq/core-win32-ia32-gnu": {
      "version": "0.15.1",
      "resolved": "https://registry.npmjs.org/@tailcallhq/core-win32-ia32-gnu/-/core-win32-ia32-gnu-0.15.1.tgz",
      "integrity": "sha512-w/crWiFRIS57G3uGSMj/uJRfCWUaSiQAX1FUP5KtiwJCwSHB7dcPNNq/g1Ih27/vYfIJz0FQCYI2L2qKfrE8Ig==",
      "cpu": [
        "ia32"
      ],
      "optional": true,
      "os": [
        "win32"
      ],
      "bin": {
        "tc.exe": "bin/tc.exe"
      }
    },
    "node_modules/@tailcallhq/core-win32-x64-gnu": {
      "version": "0.15.1",
      "resolved": "https://registry.npmjs.org/@tailcallhq/core-win32-x64-gnu/-/core-win32-x64-gnu-0.15.1.tgz",
      "integrity": "sha512-o3cr96OyPjNAWMHoM29od4ia+rS9QFROSUrRO2kzFz4P+mNTiI0aH1jYfeKQbiYp/y4wrM8KMil6Gf/6RsAudw==",
      "cpu": [
        "x64"
      ],
      "optional": true,
      "os": [
        "win32"
      ],
      "bin": {
        "tc.exe": "bin/tc.exe"
      }
    },
    "node_modules/@tailcallhq/core-win32-x64-msvc": {
      "version": "0.15.1",
      "resolved": "https://registry.npmjs.org/@tailcallhq/core-win32-x64-msvc/-/core-win32-x64-msvc-0.15.1.tgz",
      "integrity": "sha512-40fzi26hn7Zm88LHDfjCSwfbJKYK5UPipG6eofiaRI5oAguPRkrazh5NsWvpQNs2R/CKVtWcqg7CuA1iwBLJiA==",
      "cpu": [
        "x64"
      ],
      "optional": true,
      "os": [
        "win32"
      ],
      "bin": {
        "tc.exe": "bin/tc.exe"
      }
    },
    "node_modules/@tailcallhq/tailcall": {
      "version": "0.15.1",
      "resolved": "https://registry.npmjs.org/@tailcallhq/tailcall/-/tailcall-0.15.1.tgz",
      "integrity": "sha512-xp0nTsvMbZeiP5iW6mu+/DAhUEQZXEt5mKrHn0E50ClZ3UnWW3DWZOgRtQ2eFHPMsFyh44ZmAC1To2IYDUdDeQ==",
      "hasInstallScript": true,
      "dependencies": {
        "detect-libc": "^2.0.2"
      },
      "optionalDependencies": {
        "@tailcallhq/core-darwin-arm64": "v0.15.1",
        "@tailcallhq/core-darwin-x64": "v0.15.1",
        "@tailcallhq/core-linux-arm64-gnu": "v0.15.1",
        "@tailcallhq/core-linux-arm64-musl": "v0.15.1",
        "@tailcallhq/core-linux-ia32-gnu": "v0.15.1",
        "@tailcallhq/core-linux-x64-gnu": "v0.15.1",
        "@tailcallhq/core-linux-x64-musl": "v0.15.1",
        "@tailcallhq/core-win32-arm64-msvc": "v0.15.1",
        "@tailcallhq/core-win32-ia32-gnu": "v0.15.1",
        "@tailcallhq/core-win32-x64-gnu": "v0.15.1",
        "@tailcallhq/core-win32-x64-msvc": "v0.15.1"
      }
    },
    "node_modules/detect-libc": {
      "version": "2.0.2",
      "resolved": "https://registry.npmjs.org/detect-libc/-/detect-libc-2.0.2.tgz",
      "integrity": "sha512-UX6sGumvvqSaXgdKGUsgZWqcUyIXZ/vZTrlRT/iobiKhGL0zL4d3osHj3uqllWJK+i+sixDS/3COVEOFbupFyw==",
      "engines": {
        "node": ">=8"
      }
    }
  }
}
