{
  "name": "tailcall",
  "version": "1.0.0",
  "lockfileVersion": 3,
  "requires": true,
  "packages": {
    "": {
      "name": "tailcall",
      "version": "1.0.0",
      "dependencies": {
        "@tailcallhq/tailcall": "^0.117.0"
      }
    },
    "node_modules/@scarf/scarf": {
      "version": "1.3.0",
      "resolved": "https://registry.npmjs.org/@scarf/scarf/-/scarf-1.3.0.tgz",
      "integrity": "sha512-lHKK8M5CTcpFj2hZDB3wIjb0KAbEOgDmiJGDv1WBRfQgRm/a8/XMEkG/N1iM01xgbUDsPQwi42D+dFo1XPAKew==",
      "hasInstallScript": true
    },
    "node_modules/@tailcallhq/core-darwin-arm64": {
      "version": "0.117.1",
      "resolved": "https://registry.npmjs.org/@tailcallhq/core-darwin-arm64/-/core-darwin-arm64-0.117.1.tgz",
      "integrity": "sha512-OonQ2DWuJTIDlgzwF0k4tx4gu+qZmi8yJHA1cdnBGZCJxcvxY4fjqsxU0Hdgsb05KL7NBHFViKtjF2b0+KFvBg==",
      "cpu": [
        "arm64"
      ],
      "license": "Apache-2.0",
      "optional": true,
      "os": [
        "darwin"
      ],
      "bin": {
        "tailcall": "bin/tailcall"
      }
    },
    "node_modules/@tailcallhq/core-darwin-x64": {
      "version": "0.117.1",
      "resolved": "https://registry.npmjs.org/@tailcallhq/core-darwin-x64/-/core-darwin-x64-0.117.1.tgz",
      "integrity": "sha512-1BIqHALeCmOsUArRl2rUR4BgQ+LzOyIJ4uROScchtYBk2hdlJjuP63yJgmbEIIgYJzE+EbXecDOnpegZ617awg==",
      "cpu": [
        "x64"
      ],
      "license": "Apache-2.0",
      "optional": true,
      "os": [
        "darwin"
      ],
      "bin": {
        "tailcall": "bin/tailcall"
      }
    },
    "node_modules/@tailcallhq/core-linux-arm64-gnu": {
      "version": "0.117.1",
      "resolved": "https://registry.npmjs.org/@tailcallhq/core-linux-arm64-gnu/-/core-linux-arm64-gnu-0.117.1.tgz",
      "integrity": "sha512-cHpQVTKYuxsTJ+dwOTkb5ywfxkClxBOk5Jqrpv7a9PBGegPiV52CMglKTAv8gsD1CP356LsYs5PGfYxar2/v1A==",
      "cpu": [
        "arm64"
      ],
      "license": "Apache-2.0",
      "optional": true,
      "os": [
        "linux"
      ],
      "bin": {
        "tailcall": "bin/tailcall"
      }
    },
    "node_modules/@tailcallhq/core-linux-arm64-musl": {
      "version": "0.117.1",
      "resolved": "https://registry.npmjs.org/@tailcallhq/core-linux-arm64-musl/-/core-linux-arm64-musl-0.117.1.tgz",
      "integrity": "sha512-8ReGQstrEQ0cQtgp3LeVf1N6r4VzDt/6rGqxslKi6V2+Dg89cYaforDTAmnqH83xWxObFVA8g5g4RjhtipRB9Q==",
      "cpu": [
        "arm64"
      ],
      "license": "Apache-2.0",
      "optional": true,
      "os": [
        "linux"
      ],
      "bin": {
        "tailcall": "bin/tailcall"
      }
    },
    "node_modules/@tailcallhq/core-linux-ia32-gnu": {
      "version": "0.117.1",
      "resolved": "https://registry.npmjs.org/@tailcallhq/core-linux-ia32-gnu/-/core-linux-ia32-gnu-0.117.1.tgz",
      "integrity": "sha512-1gj9MRTmlSuukPWjE0CR8IbA+lNzl4XU0qK+6dmJZJ6YlWN0mZNOEo8JIc8ELZbq5Gx4g9aZBLOQU4Wh6lZOtA==",
      "cpu": [
        "ia32"
      ],
      "license": "Apache-2.0",
      "optional": true,
      "os": [
        "linux"
      ],
      "bin": {
        "tailcall": "bin/tailcall"
      }
    },
    "node_modules/@tailcallhq/core-linux-x64-gnu": {
      "version": "0.117.1",
      "resolved": "https://registry.npmjs.org/@tailcallhq/core-linux-x64-gnu/-/core-linux-x64-gnu-0.117.1.tgz",
      "integrity": "sha512-RTkYaRtzzToNn0/vtGgrJ7vffZhVPLaK5NU+7+/Y7L9ktKdfdRlDc2PFX0cXtmUf/SojgypLA+oW5VJSYbSg7g==",
      "cpu": [
        "x64"
      ],
      "license": "Apache-2.0",
      "optional": true,
      "os": [
        "linux"
      ],
      "bin": {
        "tailcall": "bin/tailcall"
      }
    },
    "node_modules/@tailcallhq/core-linux-x64-musl": {
      "version": "0.117.1",
      "resolved": "https://registry.npmjs.org/@tailcallhq/core-linux-x64-musl/-/core-linux-x64-musl-0.117.1.tgz",
      "integrity": "sha512-SUC/4vPfg33g7tnbGtzfgfuKZiRHVnMpyP98flbHlVUawDEpRNAT2AJf1XweSHE8a+Q9GVgI+P2VY3RzFiaHeg==",
      "cpu": [
        "x64"
      ],
      "license": "Apache-2.0",
      "optional": true,
      "os": [
        "linux"
      ],
      "bin": {
        "tailcall": "bin/tailcall"
      }
    },
    "node_modules/@tailcallhq/core-win32-arm64-msvc": {
      "version": "0.117.1",
      "resolved": "https://registry.npmjs.org/@tailcallhq/core-win32-arm64-msvc/-/core-win32-arm64-msvc-0.117.1.tgz",
      "integrity": "sha512-RqA59mui6ojN9GyU6wJDm1S8t/y4NOb+A3LY1vfX7bjwEZ7VRZi1NsQvNb6PlR6Y3b5mKdLYMqxNHnXl+wwXCQ==",
      "cpu": [
        "arm64"
      ],
      "license": "Apache-2.0",
      "optional": true,
      "os": [
        "win32"
      ],
      "bin": {
        "tailcall": "bin/tailcall.exe"
      }
    },
    "node_modules/@tailcallhq/core-win32-ia32-msvc": {
      "version": "0.117.1",
      "resolved": "https://registry.npmjs.org/@tailcallhq/core-win32-ia32-msvc/-/core-win32-ia32-msvc-0.117.1.tgz",
      "integrity": "sha512-H7aWfnvZmTg0gzHGBU1Dhx/ZfDKq7P+qSFJNcTu9yAiAF0kbJpjgPcG2/mWscuAip3Av+6Jt8stCpv96ZSZuOw==",
      "cpu": [
        "ia32"
      ],
      "license": "Apache-2.0",
      "optional": true,
      "os": [
        "win32"
      ],
      "bin": {
        "tailcall": "bin/tailcall.exe"
      }
    },
    "node_modules/@tailcallhq/core-win32-x64-msvc": {
      "version": "0.117.1",
      "resolved": "https://registry.npmjs.org/@tailcallhq/core-win32-x64-msvc/-/core-win32-x64-msvc-0.117.1.tgz",
      "integrity": "sha512-4H9b4fRsYRe8N3XHyoKQaUapZeBC9AOOeLhVTD73qohstf8hDkWFQH96qz0Ww4pw2+ZFSnIDDYr8R9Fpj7xyMw==",
      "cpu": [
        "x64"
      ],
      "license": "Apache-2.0",
      "optional": true,
      "os": [
        "win32"
      ],
      "bin": {
        "tailcall": "bin/tailcall.exe"
      }
    },
    "node_modules/@tailcallhq/tailcall": {
      "version": "0.117.1",
      "resolved": "https://registry.npmjs.org/@tailcallhq/tailcall/-/tailcall-0.117.1.tgz",
      "integrity": "sha512-YGf01DUb2dSEB03vszl7J37KmcgIRB/ZGd2DNypbSDLpM5WhX2rpZTMV1v8B/V3UuJA7W/mMPkGGA6X3e8n72w==",
      "hasInstallScript": true,
      "license": "Apache-2.0",
      "dependencies": {
        "@scarf/scarf": "^1.3.0",
        "detect-libc": "^2.0.2"
      },
      "optionalDependencies": {
        "@tailcallhq/core-darwin-arm64": "v0.117.1",
        "@tailcallhq/core-darwin-x64": "v0.117.1",
        "@tailcallhq/core-linux-arm64-gnu": "v0.117.1",
        "@tailcallhq/core-linux-arm64-musl": "v0.117.1",
        "@tailcallhq/core-linux-ia32-gnu": "v0.117.1",
        "@tailcallhq/core-linux-x64-gnu": "v0.117.1",
        "@tailcallhq/core-linux-x64-musl": "v0.117.1",
        "@tailcallhq/core-win32-arm64-msvc": "v0.117.1",
        "@tailcallhq/core-win32-ia32-msvc": "v0.117.1",
        "@tailcallhq/core-win32-x64-msvc": "v0.117.1"
      }
    },
    "node_modules/detect-libc": {
      "version": "2.0.2",
      "resolved": "https://registry.npmjs.org/detect-libc/-/detect-libc-2.0.2.tgz",
      "integrity": "sha512-UX6sGumvvqSaXgdKGUsgZWqcUyIXZ/vZTrlRT/iobiKhGL0zL4d3osHj3uqllWJK+i+sixDS/3COVEOFbupFyw==",
      "engines": {
        "node": ">=8"
      }
    }
  }
}
