{
  "name": "tailcall",
  "version": "1.0.0",
  "lockfileVersion": 3,
  "requires": true,
  "packages": {
    "": {
      "name": "tailcall",
      "version": "1.0.0",
      "dependencies": {
        "@tailcallhq/tailcall": "^0.17.0"
      }
    },
    "node_modules/@scarf/scarf": {
      "version": "1.3.0",
      "resolved": "https://registry.npmjs.org/@scarf/scarf/-/scarf-1.3.0.tgz",
      "integrity": "sha512-lHKK8M5CTcpFj2hZDB3wIjb0KAbEOgDmiJGDv1WBRfQgRm/a8/XMEkG/N1iM01xgbUDsPQwi42D+dFo1XPAKew==",
      "hasInstallScript": true
    },
    "node_modules/@tailcallhq/core-darwin-arm64": {
      "version": "0.17.0",
      "resolved": "https://registry.npmjs.org/@tailcallhq/core-darwin-arm64/-/core-darwin-arm64-0.17.0.tgz",
      "integrity": "sha512-5G/enjJJ+FjAe98UMaE6ZioOXctcxJYIerziAFUjdngDCMl++DtBn8i/j3bmNy12TZmPJ4A/frrybNbAhzxUIQ==",
      "cpu": [
        "arm64"
      ],
      "optional": true,
      "os": [
        "darwin"
      ],
      "bin": {
        "tailcall": "bin/tailcall"
      }
    },
    "node_modules/@tailcallhq/core-darwin-x64": {
      "version": "0.17.0",
      "resolved": "https://registry.npmjs.org/@tailcallhq/core-darwin-x64/-/core-darwin-x64-0.17.0.tgz",
      "integrity": "sha512-E+R6lsYXQYAQN8GbCXVCaMTz+eyvild2r6fRKWgBSYQZvxv9zgqzpi06c0h2fha+lYCPSAMt5tLKak2SH2F5jQ==",
      "cpu": [
        "x64"
      ],
      "optional": true,
      "os": [
        "darwin"
      ],
      "bin": {
        "tailcall": "bin/tailcall"
      }
    },
    "node_modules/@tailcallhq/core-linux-arm64-gnu": {
      "version": "0.17.0",
      "resolved": "https://registry.npmjs.org/@tailcallhq/core-linux-arm64-gnu/-/core-linux-arm64-gnu-0.17.0.tgz",
      "integrity": "sha512-Etc1BQN2fYBcmKRGqV98PkGSstejXcDBftH+lcczg6Ddse5OSv2C5GOtDdT6dr93gU1VQsZmYiH6eh/2a/zBMA==",
      "cpu": [
        "arm64"
      ],
      "optional": true,
      "os": [
        "linux"
      ],
      "bin": {
        "tailcall": "bin/tailcall"
      }
    },
    "node_modules/@tailcallhq/core-linux-arm64-musl": {
      "version": "0.17.0",
      "resolved": "https://registry.npmjs.org/@tailcallhq/core-linux-arm64-musl/-/core-linux-arm64-musl-0.17.0.tgz",
      "integrity": "sha512-FicGXDGf3D5EOv10Tg9tQ/6ZVYbOju9ODMIaYC285lb/yFtEOafuzh5fd9Qc+FAKK0aEWAt+7Tg/IDAlC6SuxQ==",
      "cpu": [
        "arm64"
      ],
      "optional": true,
      "os": [
        "linux"
      ],
      "bin": {
        "tailcall": "bin/tailcall"
      }
    },
    "node_modules/@tailcallhq/core-linux-ia32-gnu": {
      "version": "0.17.0",
      "resolved": "https://registry.npmjs.org/@tailcallhq/core-linux-ia32-gnu/-/core-linux-ia32-gnu-0.17.0.tgz",
      "integrity": "sha512-Y9DrOoCmzQbVw+1O1a8dHgnEo0WkUHSFCYrpZ51UR5cFyOwMDfDZbCmfi4qM/hallZsad92evfXEAhl04fcZTA==",
      "cpu": [
        "ia32"
      ],
      "optional": true,
      "os": [
        "linux"
      ],
      "bin": {
        "tailcall": "bin/tailcall"
      }
    },
    "node_modules/@tailcallhq/core-linux-x64-gnu": {
      "version": "0.17.0",
      "resolved": "https://registry.npmjs.org/@tailcallhq/core-linux-x64-gnu/-/core-linux-x64-gnu-0.17.0.tgz",
      "integrity": "sha512-x9H1srYi2Ob8hUMm+kv8TSC8uB5rkPzrR8FFVoa3ajc9gx2VYRFbU15aKWz40jPV/PKUIdFkPPYdOH7mN6/U4w==",
      "cpu": [
        "x64"
      ],
      "optional": true,
      "os": [
        "linux"
      ],
      "bin": {
        "tailcall": "bin/tailcall"
      }
    },
    "node_modules/@tailcallhq/core-linux-x64-musl": {
      "version": "0.17.0",
      "resolved": "https://registry.npmjs.org/@tailcallhq/core-linux-x64-musl/-/core-linux-x64-musl-0.17.0.tgz",
      "integrity": "sha512-GHUPg2Z/rayWIiBAMRUYGm/V9WlRog9hiZK9oSxia+v+p13nl7eqBB0iUs/D8xm6N3oSY7ZpT1E3kZYIW8O+QA==",
      "cpu": [
        "x64"
      ],
      "optional": true,
      "os": [
        "linux"
      ],
      "bin": {
        "tailcall": "bin/tailcall"
      }
    },
    "node_modules/@tailcallhq/core-win32-arm64-msvc": {
      "version": "0.17.0",
      "resolved": "https://registry.npmjs.org/@tailcallhq/core-win32-arm64-msvc/-/core-win32-arm64-msvc-0.17.0.tgz",
      "integrity": "sha512-8irnDBHThZ5DJeDW/Otp+1VX5L2WnrHtcjqKSINO1MmJv+Arb6fVksr6r5MN7f6ZssFE5PGRWLgCEgkfM8dCvg==",
      "cpu": [
        "arm64"
      ],
      "optional": true,
      "os": [
        "win32"
      ],
      "bin": {
        "tailcall": "bin/tailcall.exe"
      }
    },
    "node_modules/@tailcallhq/core-win32-ia32-gnu": {
      "version": "0.17.0",
      "resolved": "https://registry.npmjs.org/@tailcallhq/core-win32-ia32-gnu/-/core-win32-ia32-gnu-0.17.0.tgz",
      "integrity": "sha512-V6TpiX2D26RLDMFWYRQVPJ6iGdEV7GE1LrfN5pYm0QRBlG1thqcdFIKzHMKqD0acuE/u0cOiQV0vRUzcEBg9vg==",
      "cpu": [
        "ia32"
      ],
      "optional": true,
      "os": [
        "win32"
      ],
      "bin": {
        "tailcall": "bin/tailcall.exe"
      }
    },
    "node_modules/@tailcallhq/core-win32-x64-gnu": {
      "version": "0.17.0",
      "resolved": "https://registry.npmjs.org/@tailcallhq/core-win32-x64-gnu/-/core-win32-x64-gnu-0.17.0.tgz",
      "integrity": "sha512-hmEtY3SItBf5w4pZMmzDOAY7oZCUJL+vS+pWNMQ9O1znZ9AH3g2C8dn8O6T4bxnRm3IumYr7sEP6rHGxBS6nuw==",
      "cpu": [
        "x64"
      ],
      "optional": true,
      "os": [
        "win32"
      ],
      "bin": {
        "tailcall": "bin/tailcall.exe"
      }
    },
    "node_modules/@tailcallhq/core-win32-x64-msvc": {
      "version": "0.17.0",
      "resolved": "https://registry.npmjs.org/@tailcallhq/core-win32-x64-msvc/-/core-win32-x64-msvc-0.17.0.tgz",
      "integrity": "sha512-QrWugX5QdjNnedRPGf9SZdIDwLNKnlDUoYDa/Z7trbttS6LtNcARY+slsjEfJnHWqueAHFitzg6p5txZFTOhlQ==",
      "cpu": [
        "x64"
      ],
      "optional": true,
      "os": [
        "win32"
      ],
      "bin": {
        "tailcall": "bin/tailcall.exe"
      }
    },
    "node_modules/@tailcallhq/tailcall": {
      "version": "0.17.0",
      "resolved": "https://registry.npmjs.org/@tailcallhq/tailcall/-/tailcall-0.17.0.tgz",
      "integrity": "sha512-deq2XcOJKDNiLNSv5uzQZ8vzRfDnPezEwzg4bgQOVSPnZuxvOt0P+OzR1I6ksNKHtnNOnYjJ+f9+/J3AiZQq9g==",
      "hasInstallScript": true,
      "dependencies": {
        "@scarf/scarf": "^1.3.0",
        "detect-libc": "^2.0.2"
      },
      "optionalDependencies": {
        "@tailcallhq/core-darwin-arm64": "v0.17.0",
        "@tailcallhq/core-darwin-x64": "v0.17.0",
        "@tailcallhq/core-linux-arm64-gnu": "v0.17.0",
        "@tailcallhq/core-linux-arm64-musl": "v0.17.0",
        "@tailcallhq/core-linux-ia32-gnu": "v0.17.0",
        "@tailcallhq/core-linux-x64-gnu": "v0.17.0",
        "@tailcallhq/core-linux-x64-musl": "v0.17.0",
        "@tailcallhq/core-win32-arm64-msvc": "v0.17.0",
        "@tailcallhq/core-win32-ia32-gnu": "v0.17.0",
        "@tailcallhq/core-win32-x64-gnu": "v0.17.0",
        "@tailcallhq/core-win32-x64-msvc": "v0.17.0"
      }
    },
    "node_modules/detect-libc": {
      "version": "2.0.2",
      "resolved": "https://registry.npmjs.org/detect-libc/-/detect-libc-2.0.2.tgz",
      "integrity": "sha512-UX6sGumvvqSaXgdKGUsgZWqcUyIXZ/vZTrlRT/iobiKhGL0zL4d3osHj3uqllWJK+i+sixDS/3COVEOFbupFyw==",
      "engines": {
        "node": ">=8"
      }
    }
  }
}
