{
  "name": "hono",
  "lockfileVersion": 2,
  "requires": true,
  "packages": {
    "": {
      "dependencies": {
        "@honojs/graphql-server": "0.1.2",
        "graphql": "16.8.1",
        "hono": "2.7.8"
      }
    },
    "node_modules/@honojs/graphql-server": {
      "version": "0.1.2",
      "resolved": "https://registry.npmjs.org/@honojs/graphql-server/-/graphql-server-0.1.2.tgz",
      "integrity": "sha512-ofqr1Dzd/iL3cIke/tHlbI3pWcsHsL8yZHj1rAENPKjtH90dUJFMfS29UDuFDo9pT/CbJhNLhX190NmI8DQweQ==",
      "deprecated": "Package no longer supported. Contact Support at https://www.npmjs.com/support for more info.",
      "dependencies": {
        "graphql": "^16.5.0"
      },
      "engines": {
        "node": ">=11.0.0"
      },
      "peerDependencies": {
        "hono": "^2.6.1"
      }
    },
    "node_modules/graphql": {
      "version": "16.8.1",
      "resolved": "https://registry.npmjs.org/graphql/-/graphql-16.8.1.tgz",
      "integrity": "sha512-59LZHPdGZVh695Ud9lRzPBVTtlX9ZCV150Er2W43ro37wVof0ctenSaskPPjN7lVTIN8mSZt8PHUNKZuNQUuxw==",
      "engines": {
        "node": "^12.22.0 || ^14.16.0 || ^16.0.0 || >=17.0.0"
      }
    },
    "node_modules/hono": {
      "version": "2.7.8",
      "resolved": "https://registry.npmjs.org/hono/-/hono-2.7.8.tgz",
      "integrity": "sha512-LXLXw6LilE16QO0siFBDiNzmaRP6ca5ZyF0gDWcaiUqJJtE/d4lV/Hpst2O33AmJB5n0DQa5w53gZLUVf7uXNg==",
      "engines": {
        "node": ">=16.0.0"
      }
    }
  },
  "dependencies": {
    "@honojs/graphql-server": {
      "version": "0.1.2",
      "resolved": "https://registry.npmjs.org/@honojs/graphql-server/-/graphql-server-0.1.2.tgz",
      "integrity": "sha512-ofqr1Dzd/iL3cIke/tHlbI3pWcsHsL8yZHj1rAENPKjtH90dUJFMfS29UDuFDo9pT/CbJhNLhX190NmI8DQweQ==",
      "requires": {
        "graphql": "^16.5.0"
      }
    },
    "graphql": {
      "version": "16.8.1",
      "resolved": "https://registry.npmjs.org/graphql/-/graphql-16.8.1.tgz",
      "integrity": "sha512-59LZHPdGZVh695Ud9lRzPBVTtlX9ZCV150Er2W43ro37wVof0ctenSaskPPjN7lVTIN8mSZt8PHUNKZuNQUuxw=="
    },
    "hono": {
      "version": "2.7.8",
      "resolved": "https://registry.npmjs.org/hono/-/hono-2.7.8.tgz",
      "integrity": "sha512-LXLXw6LilE16QO0siFBDiNzmaRP6ca5ZyF0gDWcaiUqJJtE/d4lV/Hpst2O33AmJB5n0DQa5w53gZLUVf7uXNg=="
    }
  }
}
