{
  "name": "hono",
  "lockfileVersion": 2,
  "requires": true,
  "packages": {
    "": {
      "dependencies": {
        "@honojs/graphql-server": "0.1.1",
        "graphql": "16.6.0",
        "hono": "2.7.5"
      }
    },
    "node_modules/@honojs/graphql-server": {
      "version": "0.1.1",
      "resolved": "https://registry.npmjs.org/@honojs/graphql-server/-/graphql-server-0.1.1.tgz",
      "integrity": "sha512-Gfq44S07jsMAcCzM2qPah4z+PsvzyN5lmcbObAW0H10o6pC9BOAL4YUbfOD248DbfUvyvGqLbDCIOXEAtTr51Q==",
      "dependencies": {
        "graphql": "^16.5.0"
      },
      "engines": {
        "node": ">=11.0.0"
      },
      "peerDependencies": {
        "hono": "^2.6.1"
      }
    },
    "node_modules/graphql": {
      "version": "16.6.0",
      "resolved": "https://registry.npmjs.org/graphql/-/graphql-16.6.0.tgz",
      "integrity": "sha512-KPIBPDlW7NxrbT/eh4qPXz5FiFdL5UbaA0XUNz2Rp3Z3hqBSkbj0GVjwFDztsWVauZUWsbKHgMg++sk8UX0bkw==",
      "engines": {
        "node": "^12.22.0 || ^14.16.0 || ^16.0.0 || >=17.0.0"
      }
    },
    "node_modules/hono": {
      "version": "2.7.5",
      "resolved": "https://registry.npmjs.org/hono/-/hono-2.7.5.tgz",
      "integrity": "sha512-UYrhUT1Xtalh7Xw/YGXee25wlWMiVIRfr0FbAJMEMyRpX9TFZ/6JKmVdCK7ioRnhAw7PfWBasjSBhdNXQ8/okQ==",
      "engines": {
        "node": ">=16.0.0"
      }
    }
  },
  "dependencies": {
    "@honojs/graphql-server": {
      "version": "0.1.1",
      "resolved": "https://registry.npmjs.org/@honojs/graphql-server/-/graphql-server-0.1.1.tgz",
      "integrity": "sha512-Gfq44S07jsMAcCzM2qPah4z+PsvzyN5lmcbObAW0H10o6pC9BOAL4YUbfOD248DbfUvyvGqLbDCIOXEAtTr51Q==",
      "requires": {
        "graphql": "^16.5.0"
      }
    },
    "graphql": {
      "version": "16.6.0",
      "resolved": "https://registry.npmjs.org/graphql/-/graphql-16.6.0.tgz",
      "integrity": "sha512-KPIBPDlW7NxrbT/eh4qPXz5FiFdL5UbaA0XUNz2Rp3Z3hqBSkbj0GVjwFDztsWVauZUWsbKHgMg++sk8UX0bkw=="
    },
    "hono": {
      "version": "2.7.5",
      "resolved": "https://registry.npmjs.org/hono/-/hono-2.7.5.tgz",
      "integrity": "sha512-UYrhUT1Xtalh7Xw/YGXee25wlWMiVIRfr0FbAJMEMyRpX9TFZ/6JKmVdCK7ioRnhAw7PfWBasjSBhdNXQ8/okQ=="
    }
  }
}
