{
  "name": "graphql-yoga",
  "lockfileVersion": 2,
  "requires": true,
  "packages": {
    "": {
      "dependencies": {
        "@graphql-yoga/node": "~2.9.0"
      }
    },
    "node_modules/@envelop/core": {
      "version": "2.3.0",
      "resolved": "https://registry.npmjs.org/@envelop/core/-/core-2.3.0.tgz",
      "integrity": "sha512-5nZ/n6Wx6YbT9RNc+J3I+/e4GJd8TI1mhO7miKGZcxyOO93ztlIrMMxN1kdZ+IQoRVw7aj38cJJw/OCVWAZ/+Q==",
      "dependencies": {
        "@envelop/types": "2.2.0"
      },
      "peerDependencies": {
        "graphql": "^14.0.0 || ^15.0.0 || ^16.0.0"
      }
    },
    "node_modules/@envelop/parser-cache": {
      "version": "4.3.0",
      "resolved": "https://registry.npmjs.org/@envelop/parser-cache/-/parser-cache-4.3.0.tgz",
      "integrity": "sha512-1R3glwtAcgAhUrEyu10YmYPBUs4sy7YyiFrsfJY4k8lQW1VTNVnhMflYZ2qJpuJ9/FggKIkgZWivxXEM0CFa+Q==",
      "dependencies": {
        "tiny-lru": "7.0.6"
      },
      "peerDependencies": {
        "@envelop/core": "^2.3.0",
        "graphql": "^14.0.0 || ^15.0.0 || ^16.0.0"
      }
    },
    "node_modules/@envelop/types": {
      "version": "2.2.0",
      "resolved": "https://registry.npmjs.org/@envelop/types/-/types-2.2.0.tgz",
      "integrity": "sha512-Lghvfs0kh53G5mUKpCMlB/FhHh3O8SSR4hewB7JyE9hOEu/9h/6u+GHH/OEgdaRHky1Sae5Jf4grO+h21ka4ig==",
      "peerDependencies": {
        "graphql": "^14.0.0 || ^15.0.0 || ^16.0.0"
      }
    },
    "node_modules/@envelop/validation-cache": {
      "version": "4.3.0",
      "resolved": "https://registry.npmjs.org/@envelop/validation-cache/-/validation-cache-4.3.0.tgz",
      "integrity": "sha512-FJK99eJ5BVSaQdDKZFjpyVoUEq/u01vdO2ystVtUEUUQ9vqKwQyedT5dV4zWUpPiq2S0B8BC6uZjgEAHzHgvVQ==",
      "dependencies": {
        "tiny-lru": "7.0.6"
      },
      "peerDependencies": {
        "@envelop/core": "^2.3.0",
        "graphql": "^14.0.0 || ^15.0.0 || ^16.0.0"
      }
    },
    "node_modules/@graphql-tools/merge": {
      "version": "8.2.7",
      "resolved": "https://registry.npmjs.org/@graphql-tools/merge/-/merge-8.2.7.tgz",
      "integrity": "sha512-rKxjNogqu1UYAG/y5FOb6lJsmSQbWA+jq4inWjNEVX54VGGE7/WGnmPaqcsyomNOfS3vIRS6NnG+DxiQSqetjg==",
      "dependencies": {
        "@graphql-tools/utils": "8.6.6",
        "tslib": "~2.3.0"
      },
      "peerDependencies": {
        "graphql": "^14.0.0 || ^15.0.0 || ^16.0.0"
      }
    },
    "node_modules/@graphql-tools/schema": {
      "version": "8.3.7",
      "resolved": "https://registry.npmjs.org/@graphql-tools/schema/-/schema-8.3.7.tgz",
      "integrity": "sha512-7byr9J6rfMPFPfiR4u65dy20xHATTvbgOY7KYd1sYPnMKKfRZe0tUgpnE+noXcfob7N8s366WaVh7bEoztQMwg==",
      "dependencies": {
        "@graphql-tools/merge": "8.2.7",
        "@graphql-tools/utils": "8.6.6",
        "tslib": "~2.3.0",
        "value-or-promise": "1.0.11"
      },
      "peerDependencies": {
        "graphql": "^14.0.0 || ^15.0.0 || ^16.0.0"
      }
    },
    "node_modules/@graphql-tools/utils": {
      "version": "8.6.6",
      "resolved": "https://registry.npmjs.org/@graphql-tools/utils/-/utils-8.6.6.tgz",
      "integrity": "sha512-wjY2ljKLCnnbRrDNPPgPNqCujou0LFSOWcxAjV6DYUlfFWTsAEvlYmsmY4T+K12wI/fnqoJ2bUwIlap1plFDMg==",
      "dependencies": {
        "tslib": "~2.3.0"
      },
      "peerDependencies": {
        "graphql": "^14.0.0 || ^15.0.0 || ^16.0.0"
      }
    },
    "node_modules/@graphql-typed-document-node/core": {
      "version": "3.1.1",
      "resolved": "https://registry.npmjs.org/@graphql-typed-document-node/core/-/core-3.1.1.tgz",
      "integrity": "sha512-NQ17ii0rK1b34VZonlmT2QMJFI70m0TRwbknO/ihlbatXyaktDhN/98vBiUU6kNBPljqGqyIrl2T4nY2RpFANg==",
      "peerDependencies": {
        "graphql": "^0.8.0 || ^0.9.0 || ^0.10.0 || ^0.11.0 || ^0.12.0 || ^0.13.0 || ^14.0.0 || ^15.0.0 || ^16.0.0"
      }
    },
    "node_modules/@graphql-yoga/common": {
      "version": "2.8.1",
      "resolved": "https://registry.npmjs.org/@graphql-yoga/common/-/common-2.8.1.tgz",
      "integrity": "sha512-baIaiXGx1uUce4MEf++4nDqJScX0CTnZhpUGiQNPRm7WWCvBLtF0eakTbQUJUezaL7uPA5TffScCoudC0yhr8A==",
      "dependencies": {
        "@envelop/core": "^2.0.0",
        "@envelop/parser-cache": "^4.0.0",
        "@envelop/validation-cache": "^4.0.0",
        "@graphql-tools/schema": "^8.3.1",
        "@graphql-tools/utils": "^8.6.0",
        "@graphql-typed-document-node/core": "^3.1.1",
        "@graphql-yoga/subscription": "2.0.0",
        "cross-undici-fetch": "^0.4.2",
        "dset": "^3.1.1",
        "tslib": "^2.3.1"
      },
      "peerDependencies": {
        "graphql": "^15.2.0 || ^16.0.0"
      }
    },
    "node_modules/@graphql-yoga/node": {
      "version": "2.9.0",
      "resolved": "https://registry.npmjs.org/@graphql-yoga/node/-/node-2.9.0.tgz",
      "integrity": "sha512-Z6EWUjn6uEzHkudDM64ZDHw95pBjcIFGzvhERO4Dp8aQAPgTW9tiwSVXjsCnQY8p0ddomnwlpxGUrepGWeEM2A==",
      "dependencies": {
        "@envelop/core": "^2.0.0",
        "@graphql-tools/utils": "^8.6.0",
        "@graphql-yoga/common": "2.8.1",
        "@graphql-yoga/subscription": "2.0.0",
        "cross-undici-fetch": "^0.4.2",
        "tslib": "^2.3.1"
      },
      "peerDependencies": {
        "graphql": "^15.2.0 || ^16.0.0"
      }
    },
    "node_modules/@graphql-yoga/subscription": {
      "version": "2.0.0",
      "resolved": "https://registry.npmjs.org/@graphql-yoga/subscription/-/subscription-2.0.0.tgz",
      "integrity": "sha512-HlG+gIddjIP3/BDrMZymdzmzDjNdYuSGMxx6+1JA83gAEVRDR4yOoT4QeNKYqRhLK9xca/Hxp1PfBpquSa244Q==",
      "dependencies": {
        "@repeaterjs/repeater": "^3.0.4",
        "tslib": "^2.3.1"
      }
    },
    "node_modules/@repeaterjs/repeater": {
      "version": "3.0.4",
      "resolved": "https://registry.npmjs.org/@repeaterjs/repeater/-/repeater-3.0.4.tgz",
      "integrity": "sha512-AW8PKd6iX3vAZ0vA43nOUOnbq/X5ihgU+mSXXqunMkeQADGiqw/PY0JNeYtD5sr0PAy51YPgAPbDoeapv9r8WA=="
    },
    "node_modules/abort-controller": {
      "version": "3.0.0",
      "resolved": "https://registry.npmjs.org/abort-controller/-/abort-controller-3.0.0.tgz",
      "integrity": "sha512-h8lQ8tacZYnR3vNQTgibj+tODHI5/+l06Au2Pcriv/Gmet0eaj4TwWH41sO9wnHDiQsEj19q0drzdWdeAHtweg==",
      "dependencies": {
        "event-target-shim": "^5.0.0"
      },
      "engines": {
        "node": ">=6.5"
      }
    },
    "node_modules/busboy": {
      "version": "1.6.0",
      "resolved": "https://registry.npmjs.org/busboy/-/busboy-1.6.0.tgz",
      "integrity": "sha512-8SFQbg/0hQ9xy3UNTB0YEnsNBbWfhf7RtnzpL7TkBiTBRfrQ9Fxcnz7VJsleJpyp6rVLvXiuORqjlHi5q+PYuA==",
      "dependencies": {
        "streamsearch": "^1.1.0"
      },
      "engines": {
        "node": ">=10.16.0"
      }
    },
    "node_modules/cross-undici-fetch": {
      "version": "0.4.2",
      "resolved": "https://registry.npmjs.org/cross-undici-fetch/-/cross-undici-fetch-0.4.2.tgz",
      "integrity": "sha512-hJUDzSl3vHoqg+EAmMlFY9s550rwEpfYGRqU6Qkkceve5d+Juxle1zXxF92VwVdxyOedbRUvBr798hsf+gawDg==",
      "dependencies": {
        "abort-controller": "^3.0.0",
        "busboy": "^1.6.0",
        "form-data-encoder": "^1.7.1",
        "formdata-node": "^4.3.1",
        "node-fetch": "^2.6.7",
        "undici": "^5.1.0",
        "web-streams-polyfill": "^3.2.0"
      }
    },
    "node_modules/dset": {
      "version": "3.1.1",
      "resolved": "https://registry.npmjs.org/dset/-/dset-3.1.1.tgz",
      "integrity": "sha512-hYf+jZNNqJBD2GiMYb+5mqOIX4R4RRHXU3qWMWYN+rqcR2/YpRL2bUHr8C8fU+5DNvqYjJ8YvMGSLuVPWU1cNg==",
      "engines": {
        "node": ">=4"
      }
    },
    "node_modules/event-target-shim": {
      "version": "5.0.1",
      "resolved": "https://registry.npmjs.org/event-target-shim/-/event-target-shim-5.0.1.tgz",
      "integrity": "sha512-i/2XbnSz/uxRCU6+NdVJgKWDTM427+MqYbkQzD321DuCQJUqOuJKIA0IM2+W2xtYHdKOmZ4dR6fExsd4SXL+WQ==",
      "engines": {
        "node": ">=6"
      }
    },
    "node_modules/form-data-encoder": {
      "version": "1.7.2",
      "resolved": "https://registry.npmjs.org/form-data-encoder/-/form-data-encoder-1.7.2.tgz",
      "integrity": "sha512-qfqtYan3rxrnCk1VYaA4H+Ms9xdpPqvLZa6xmMgFvhO32x7/3J/ExcTd6qpxM0vH2GdMI+poehyBZvqfMTto8A=="
    },
    "node_modules/formdata-node": {
      "version": "4.3.2",
      "resolved": "https://registry.npmjs.org/formdata-node/-/formdata-node-4.3.2.tgz",
      "integrity": "sha512-k7lYJyzDOSL6h917favP8j1L0/wNyylzU+x+1w4p5haGVHNlP58dbpdJhiCUsDbWsa9HwEtLp89obQgXl2e0qg==",
      "dependencies": {
        "node-domexception": "1.0.0",
        "web-streams-polyfill": "4.0.0-beta.1"
      },
      "engines": {
        "node": ">= 12.20"
      }
    },
    "node_modules/formdata-node/node_modules/web-streams-polyfill": {
      "version": "4.0.0-beta.1",
      "resolved": "https://registry.npmjs.org/web-streams-polyfill/-/web-streams-polyfill-4.0.0-beta.1.tgz",
      "integrity": "sha512-3ux37gEX670UUphBF9AMCq8XM6iQ8Ac6A+DSRRjDoRBm1ufCkaCDdNVbaqq60PsEkdNlLKrGtv/YBP4EJXqNtQ==",
      "engines": {
        "node": ">= 12"
      }
    },
    "node_modules/graphql": {
      "version": "16.3.0",
      "resolved": "https://registry.npmjs.org/graphql/-/graphql-16.3.0.tgz",
      "integrity": "sha512-xm+ANmA16BzCT5pLjuXySbQVFwH3oJctUVdy81w1sV0vBU0KgDdBGtxQOUd5zqOBk/JayAFeG8Dlmeq74rjm/A==",
      "peer": true,
      "engines": {
        "node": "^12.22.0 || ^14.16.0 || >=16.0.0"
      }
    },
    "node_modules/node-domexception": {
      "version": "1.0.0",
      "resolved": "https://registry.npmjs.org/node-domexception/-/node-domexception-1.0.0.tgz",
      "integrity": "sha512-/jKZoMpw0F8GRwl4/eLROPA3cfcXtLApP0QzLmUT/HuPCZWyB7IY9ZrMeKw2O/nFIqPQB3PVM9aYm0F312AXDQ==",
      "funding": [
        {
          "type": "github",
          "url": "https://github.com/sponsors/jimmywarting"
        },
        {
          "type": "github",
          "url": "https://paypal.me/jimmywarting"
        }
      ],
      "engines": {
        "node": ">=10.5.0"
      }
    },
    "node_modules/node-fetch": {
      "version": "2.6.7",
      "resolved": "https://registry.npmjs.org/node-fetch/-/node-fetch-2.6.7.tgz",
      "integrity": "sha512-ZjMPFEfVx5j+y2yF35Kzx5sF7kDzxuDj6ziH4FFbOp87zKDZNx8yExJIb05OGF4Nlt9IHFIMBkRl41VdvcNdbQ==",
      "dependencies": {
        "whatwg-url": "^5.0.0"
      },
      "engines": {
        "node": "4.x || >=6.0.0"
      },
      "peerDependencies": {
        "encoding": "^0.1.0"
      },
      "peerDependenciesMeta": {
        "encoding": {
          "optional": true
        }
      }
    },
    "node_modules/streamsearch": {
      "version": "1.1.0",
      "resolved": "https://registry.npmjs.org/streamsearch/-/streamsearch-1.1.0.tgz",
      "integrity": "sha512-Mcc5wHehp9aXz1ax6bZUyY5afg9u2rv5cqQI3mRrYkGC8rW2hM02jWuwjtL++LS5qinSyhj2QfLyNsuc+VsExg==",
      "engines": {
        "node": ">=10.0.0"
      }
    },
    "node_modules/tiny-lru": {
      "version": "7.0.6",
      "resolved": "https://registry.npmjs.org/tiny-lru/-/tiny-lru-7.0.6.tgz",
      "integrity": "sha512-zNYO0Kvgn5rXzWpL0y3RS09sMK67eGaQj9805jlK9G6pSadfriTczzLHFXa/xcW4mIRfmlB9HyQ/+SgL0V1uow==",
      "engines": {
        "node": ">=6"
      }
    },
    "node_modules/tr46": {
      "version": "0.0.3",
      "resolved": "https://registry.npmjs.org/tr46/-/tr46-0.0.3.tgz",
      "integrity": "sha1-gYT9NH2snNwYWZLzpmIuFLnZq2o="
    },
    "node_modules/tslib": {
      "version": "2.3.1",
      "resolved": "https://registry.npmjs.org/tslib/-/tslib-2.3.1.tgz",
      "integrity": "sha512-77EbyPPpMz+FRFRuAFlWMtmgUWGe9UOG2Z25NqCwiIjRhOf5iKGuzSe5P2w1laq+FkRy4p+PCuVkJSGkzTEKVw=="
    },
    "node_modules/undici": {
      "version": "5.1.1",
      "resolved": "https://registry.npmjs.org/undici/-/undici-5.1.1.tgz",
      "integrity": "sha512-CmK9JzLSMGx+2msOao8LhkKn3J7eKo2M50v0KZQ2XbiHcGqLS1HiIj01ceIm3jbUYlspw/FTSb6nMdSNyvVyaQ==",
      "engines": {
        "node": ">=12.18"
      }
    },
    "node_modules/value-or-promise": {
      "version": "1.0.11",
      "resolved": "https://registry.npmjs.org/value-or-promise/-/value-or-promise-1.0.11.tgz",
      "integrity": "sha512-41BrgH+dIbCFXClcSapVs5M6GkENd3gQOJpEfPDNa71LsUGMXDL0jMWpI/Rh7WhX+Aalfz2TTS3Zt5pUsbnhLg==",
      "engines": {
        "node": ">=12"
      }
    },
    "node_modules/web-streams-polyfill": {
      "version": "3.2.1",
      "resolved": "https://registry.npmjs.org/web-streams-polyfill/-/web-streams-polyfill-3.2.1.tgz",
      "integrity": "sha512-e0MO3wdXWKrLbL0DgGnUV7WHVuw9OUvL4hjgnPkIeEvESk74gAITi5G606JtZPp39cd8HA9VQzCIvA49LpPN5Q==",
      "engines": {
        "node": ">= 8"
      }
    },
    "node_modules/webidl-conversions": {
      "version": "3.0.1",
      "resolved": "https://registry.npmjs.org/webidl-conversions/-/webidl-conversions-3.0.1.tgz",
      "integrity": "sha1-JFNCdeKnvGvnvIZhHMFq4KVlSHE="
    },
    "node_modules/whatwg-url": {
      "version": "5.0.0",
      "resolved": "https://registry.npmjs.org/whatwg-url/-/whatwg-url-5.0.0.tgz",
      "integrity": "sha1-lmRU6HZUYuN2RNNib2dCzotwll0=",
      "dependencies": {
        "tr46": "~0.0.3",
        "webidl-conversions": "^3.0.0"
      }
    }
  },
  "dependencies": {
    "@envelop/core": {
      "version": "2.3.0",
      "resolved": "https://registry.npmjs.org/@envelop/core/-/core-2.3.0.tgz",
      "integrity": "sha512-5nZ/n6Wx6YbT9RNc+J3I+/e4GJd8TI1mhO7miKGZcxyOO93ztlIrMMxN1kdZ+IQoRVw7aj38cJJw/OCVWAZ/+Q==",
      "requires": {
        "@envelop/types": "2.2.0"
      }
    },
    "@envelop/parser-cache": {
      "version": "4.3.0",
      "resolved": "https://registry.npmjs.org/@envelop/parser-cache/-/parser-cache-4.3.0.tgz",
      "integrity": "sha512-1R3glwtAcgAhUrEyu10YmYPBUs4sy7YyiFrsfJY4k8lQW1VTNVnhMflYZ2qJpuJ9/FggKIkgZWivxXEM0CFa+Q==",
      "requires": {
        "tiny-lru": "7.0.6"
      }
    },
    "@envelop/types": {
      "version": "2.2.0",
      "resolved": "https://registry.npmjs.org/@envelop/types/-/types-2.2.0.tgz",
      "integrity": "sha512-Lghvfs0kh53G5mUKpCMlB/FhHh3O8SSR4hewB7JyE9hOEu/9h/6u+GHH/OEgdaRHky1Sae5Jf4grO+h21ka4ig==",
      "requires": {}
    },
    "@envelop/validation-cache": {
      "version": "4.3.0",
      "resolved": "https://registry.npmjs.org/@envelop/validation-cache/-/validation-cache-4.3.0.tgz",
      "integrity": "sha512-FJK99eJ5BVSaQdDKZFjpyVoUEq/u01vdO2ystVtUEUUQ9vqKwQyedT5dV4zWUpPiq2S0B8BC6uZjgEAHzHgvVQ==",
      "requires": {
        "tiny-lru": "7.0.6"
      }
    },
    "@graphql-tools/merge": {
      "version": "8.2.7",
      "resolved": "https://registry.npmjs.org/@graphql-tools/merge/-/merge-8.2.7.tgz",
      "integrity": "sha512-rKxjNogqu1UYAG/y5FOb6lJsmSQbWA+jq4inWjNEVX54VGGE7/WGnmPaqcsyomNOfS3vIRS6NnG+DxiQSqetjg==",
      "requires": {
        "@graphql-tools/utils": "8.6.6",
        "tslib": "~2.3.0"
      }
    },
    "@graphql-tools/schema": {
      "version": "8.3.7",
      "resolved": "https://registry.npmjs.org/@graphql-tools/schema/-/schema-8.3.7.tgz",
      "integrity": "sha512-7byr9J6rfMPFPfiR4u65dy20xHATTvbgOY7KYd1sYPnMKKfRZe0tUgpnE+noXcfob7N8s366WaVh7bEoztQMwg==",
      "requires": {
        "@graphql-tools/merge": "8.2.7",
        "@graphql-tools/utils": "8.6.6",
        "tslib": "~2.3.0",
        "value-or-promise": "1.0.11"
      }
    },
    "@graphql-tools/utils": {
      "version": "8.6.6",
      "resolved": "https://registry.npmjs.org/@graphql-tools/utils/-/utils-8.6.6.tgz",
      "integrity": "sha512-wjY2ljKLCnnbRrDNPPgPNqCujou0LFSOWcxAjV6DYUlfFWTsAEvlYmsmY4T+K12wI/fnqoJ2bUwIlap1plFDMg==",
      "requires": {
        "tslib": "~2.3.0"
      }
    },
    "@graphql-typed-document-node/core": {
      "version": "3.1.1",
      "resolved": "https://registry.npmjs.org/@graphql-typed-document-node/core/-/core-3.1.1.tgz",
      "integrity": "sha512-NQ17ii0rK1b34VZonlmT2QMJFI70m0TRwbknO/ihlbatXyaktDhN/98vBiUU6kNBPljqGqyIrl2T4nY2RpFANg==",
      "requires": {}
    },
    "@graphql-yoga/common": {
      "version": "2.8.1",
      "resolved": "https://registry.npmjs.org/@graphql-yoga/common/-/common-2.8.1.tgz",
      "integrity": "sha512-baIaiXGx1uUce4MEf++4nDqJScX0CTnZhpUGiQNPRm7WWCvBLtF0eakTbQUJUezaL7uPA5TffScCoudC0yhr8A==",
      "requires": {
        "@envelop/core": "^2.0.0",
        "@envelop/parser-cache": "^4.0.0",
        "@envelop/validation-cache": "^4.0.0",
        "@graphql-tools/schema": "^8.3.1",
        "@graphql-tools/utils": "^8.6.0",
        "@graphql-typed-document-node/core": "^3.1.1",
        "@graphql-yoga/subscription": "2.0.0",
        "cross-undici-fetch": "^0.4.2",
        "dset": "^3.1.1",
        "tslib": "^2.3.1"
      }
    },
    "@graphql-yoga/node": {
      "version": "2.9.0",
      "resolved": "https://registry.npmjs.org/@graphql-yoga/node/-/node-2.9.0.tgz",
      "integrity": "sha512-Z6EWUjn6uEzHkudDM64ZDHw95pBjcIFGzvhERO4Dp8aQAPgTW9tiwSVXjsCnQY8p0ddomnwlpxGUrepGWeEM2A==",
      "requires": {
        "@envelop/core": "^2.0.0",
        "@graphql-tools/utils": "^8.6.0",
        "@graphql-yoga/common": "2.8.1",
        "@graphql-yoga/subscription": "2.0.0",
        "cross-undici-fetch": "^0.4.2",
        "tslib": "^2.3.1"
      }
    },
    "@graphql-yoga/subscription": {
      "version": "2.0.0",
      "resolved": "https://registry.npmjs.org/@graphql-yoga/subscription/-/subscription-2.0.0.tgz",
      "integrity": "sha512-HlG+gIddjIP3/BDrMZymdzmzDjNdYuSGMxx6+1JA83gAEVRDR4yOoT4QeNKYqRhLK9xca/Hxp1PfBpquSa244Q==",
      "requires": {
        "@repeaterjs/repeater": "^3.0.4",
        "tslib": "^2.3.1"
      }
    },
    "@repeaterjs/repeater": {
      "version": "3.0.4",
      "resolved": "https://registry.npmjs.org/@repeaterjs/repeater/-/repeater-3.0.4.tgz",
      "integrity": "sha512-AW8PKd6iX3vAZ0vA43nOUOnbq/X5ihgU+mSXXqunMkeQADGiqw/PY0JNeYtD5sr0PAy51YPgAPbDoeapv9r8WA=="
    },
    "abort-controller": {
      "version": "3.0.0",
      "resolved": "https://registry.npmjs.org/abort-controller/-/abort-controller-3.0.0.tgz",
      "integrity": "sha512-h8lQ8tacZYnR3vNQTgibj+tODHI5/+l06Au2Pcriv/Gmet0eaj4TwWH41sO9wnHDiQsEj19q0drzdWdeAHtweg==",
      "requires": {
        "event-target-shim": "^5.0.0"
      }
    },
    "busboy": {
      "version": "1.6.0",
      "resolved": "https://registry.npmjs.org/busboy/-/busboy-1.6.0.tgz",
      "integrity": "sha512-8SFQbg/0hQ9xy3UNTB0YEnsNBbWfhf7RtnzpL7TkBiTBRfrQ9Fxcnz7VJsleJpyp6rVLvXiuORqjlHi5q+PYuA==",
      "requires": {
        "streamsearch": "^1.1.0"
      }
    },
    "cross-undici-fetch": {
      "version": "0.4.2",
      "resolved": "https://registry.npmjs.org/cross-undici-fetch/-/cross-undici-fetch-0.4.2.tgz",
      "integrity": "sha512-hJUDzSl3vHoqg+EAmMlFY9s550rwEpfYGRqU6Qkkceve5d+Juxle1zXxF92VwVdxyOedbRUvBr798hsf+gawDg==",
      "requires": {
        "abort-controller": "^3.0.0",
        "busboy": "^1.6.0",
        "form-data-encoder": "^1.7.1",
        "formdata-node": "^4.3.1",
        "node-fetch": "^2.6.7",
        "undici": "^5.1.0",
        "web-streams-polyfill": "^3.2.0"
      }
    },
    "dset": {
      "version": "3.1.1",
      "resolved": "https://registry.npmjs.org/dset/-/dset-3.1.1.tgz",
      "integrity": "sha512-hYf+jZNNqJBD2GiMYb+5mqOIX4R4RRHXU3qWMWYN+rqcR2/YpRL2bUHr8C8fU+5DNvqYjJ8YvMGSLuVPWU1cNg=="
    },
    "event-target-shim": {
      "version": "5.0.1",
      "resolved": "https://registry.npmjs.org/event-target-shim/-/event-target-shim-5.0.1.tgz",
      "integrity": "sha512-i/2XbnSz/uxRCU6+NdVJgKWDTM427+MqYbkQzD321DuCQJUqOuJKIA0IM2+W2xtYHdKOmZ4dR6fExsd4SXL+WQ=="
    },
    "form-data-encoder": {
      "version": "1.7.2",
      "resolved": "https://registry.npmjs.org/form-data-encoder/-/form-data-encoder-1.7.2.tgz",
      "integrity": "sha512-qfqtYan3rxrnCk1VYaA4H+Ms9xdpPqvLZa6xmMgFvhO32x7/3J/ExcTd6qpxM0vH2GdMI+poehyBZvqfMTto8A=="
    },
    "formdata-node": {
      "version": "4.3.2",
      "resolved": "https://registry.npmjs.org/formdata-node/-/formdata-node-4.3.2.tgz",
      "integrity": "sha512-k7lYJyzDOSL6h917favP8j1L0/wNyylzU+x+1w4p5haGVHNlP58dbpdJhiCUsDbWsa9HwEtLp89obQgXl2e0qg==",
      "requires": {
        "node-domexception": "1.0.0",
        "web-streams-polyfill": "4.0.0-beta.1"
      },
      "dependencies": {
        "web-streams-polyfill": {
          "version": "4.0.0-beta.1",
          "resolved": "https://registry.npmjs.org/web-streams-polyfill/-/web-streams-polyfill-4.0.0-beta.1.tgz",
          "integrity": "sha512-3ux37gEX670UUphBF9AMCq8XM6iQ8Ac6A+DSRRjDoRBm1ufCkaCDdNVbaqq60PsEkdNlLKrGtv/YBP4EJXqNtQ=="
        }
      }
    },
    "graphql": {
      "version": "16.3.0",
      "resolved": "https://registry.npmjs.org/graphql/-/graphql-16.3.0.tgz",
      "integrity": "sha512-xm+ANmA16BzCT5pLjuXySbQVFwH3oJctUVdy81w1sV0vBU0KgDdBGtxQOUd5zqOBk/JayAFeG8Dlmeq74rjm/A==",
      "peer": true
    },
    "node-domexception": {
      "version": "1.0.0",
      "resolved": "https://registry.npmjs.org/node-domexception/-/node-domexception-1.0.0.tgz",
      "integrity": "sha512-/jKZoMpw0F8GRwl4/eLROPA3cfcXtLApP0QzLmUT/HuPCZWyB7IY9ZrMeKw2O/nFIqPQB3PVM9aYm0F312AXDQ=="
    },
    "node-fetch": {
      "version": "2.6.7",
      "resolved": "https://registry.npmjs.org/node-fetch/-/node-fetch-2.6.7.tgz",
      "integrity": "sha512-ZjMPFEfVx5j+y2yF35Kzx5sF7kDzxuDj6ziH4FFbOp87zKDZNx8yExJIb05OGF4Nlt9IHFIMBkRl41VdvcNdbQ==",
      "requires": {
        "whatwg-url": "^5.0.0"
      }
    },
    "streamsearch": {
      "version": "1.1.0",
      "resolved": "https://registry.npmjs.org/streamsearch/-/streamsearch-1.1.0.tgz",
      "integrity": "sha512-Mcc5wHehp9aXz1ax6bZUyY5afg9u2rv5cqQI3mRrYkGC8rW2hM02jWuwjtL++LS5qinSyhj2QfLyNsuc+VsExg=="
    },
    "tiny-lru": {
      "version": "7.0.6",
      "resolved": "https://registry.npmjs.org/tiny-lru/-/tiny-lru-7.0.6.tgz",
      "integrity": "sha512-zNYO0Kvgn5rXzWpL0y3RS09sMK67eGaQj9805jlK9G6pSadfriTczzLHFXa/xcW4mIRfmlB9HyQ/+SgL0V1uow=="
    },
    "tr46": {
      "version": "0.0.3",
      "resolved": "https://registry.npmjs.org/tr46/-/tr46-0.0.3.tgz",
      "integrity": "sha1-gYT9NH2snNwYWZLzpmIuFLnZq2o="
    },
    "tslib": {
      "version": "2.3.1",
      "resolved": "https://registry.npmjs.org/tslib/-/tslib-2.3.1.tgz",
      "integrity": "sha512-77EbyPPpMz+FRFRuAFlWMtmgUWGe9UOG2Z25NqCwiIjRhOf5iKGuzSe5P2w1laq+FkRy4p+PCuVkJSGkzTEKVw=="
    },
    "undici": {
      "version": "5.1.1",
      "resolved": "https://registry.npmjs.org/undici/-/undici-5.1.1.tgz",
      "integrity": "sha512-CmK9JzLSMGx+2msOao8LhkKn3J7eKo2M50v0KZQ2XbiHcGqLS1HiIj01ceIm3jbUYlspw/FTSb6nMdSNyvVyaQ=="
    },
    "value-or-promise": {
      "version": "1.0.11",
      "resolved": "https://registry.npmjs.org/value-or-promise/-/value-or-promise-1.0.11.tgz",
      "integrity": "sha512-41BrgH+dIbCFXClcSapVs5M6GkENd3gQOJpEfPDNa71LsUGMXDL0jMWpI/Rh7WhX+Aalfz2TTS3Zt5pUsbnhLg=="
    },
    "web-streams-polyfill": {
      "version": "3.2.1",
      "resolved": "https://registry.npmjs.org/web-streams-polyfill/-/web-streams-polyfill-3.2.1.tgz",
      "integrity": "sha512-e0MO3wdXWKrLbL0DgGnUV7WHVuw9OUvL4hjgnPkIeEvESk74gAITi5G606JtZPp39cd8HA9VQzCIvA49LpPN5Q=="
    },
    "webidl-conversions": {
      "version": "3.0.1",
      "resolved": "https://registry.npmjs.org/webidl-conversions/-/webidl-conversions-3.0.1.tgz",
      "integrity": "sha1-JFNCdeKnvGvnvIZhHMFq4KVlSHE="
    },
    "whatwg-url": {
      "version": "5.0.0",
      "resolved": "https://registry.npmjs.org/whatwg-url/-/whatwg-url-5.0.0.tgz",
      "integrity": "sha1-lmRU6HZUYuN2RNNib2dCzotwll0=",
      "requires": {
        "tr46": "~0.0.3",
        "webidl-conversions": "^3.0.0"
      }
    }
  }
}
